
Microsoft Visual Studio Solution File, Format Version 12.00
# Visual Studio Version 17
VisualStudioVersion = 17.5.33530.505
MinimumVisualStudioVersion = 10.0.40219.1
Project("{9A19103F-16F7-4668-BE54-9A1E7A4F7556}") = "последняяНадежда", "последняяНадежда\последняяНадежда.csproj", "{AF9C7F24-F12A-4521-9B6D-5135E1B1DDCA}"
EndProject
Project("{9A19103F-16F7-4668-BE54-9A1E7A4F7556}") = "DSirLib", "DSirLib\DSirLib.csproj", "{762CF242-9100-4B4A-AD83-5B1643C3A0A3}"
EndProject
Project("{FAE04EC0-301F-11D3-BF4B-00C04F79EFBC}") = "CustLib", "CustLib\CustLib.csproj", "{864045F9-BA14-4021-BE4E-8DC160D1348F}"
EndProject
Global
	GlobalSection(SolutionConfigurationPlatforms) = preSolution
		Debug|Any CPU = Debug|Any CPU
		Release|Any CPU = Release|Any CPU
	EndGlobalSection
	GlobalSection(ProjectConfigurationPlatforms) = postSolution
		{AF9C7F24-F12A-4521-9B6D-5135E1B1DDCA}.Debug|Any CPU.ActiveCfg = Debug|Any CPU
		{AF9C7F24-F12A-4521-9B6D-5135E1B1DDCA}.Debug|Any CPU.Build.0 = Debug|Any CPU
		{AF9C7F24-F12A-4521-9B6D-5135E1B1DDCA}.Release|Any CPU.ActiveCfg = Release|Any CPU
		{AF9C7F24-F12A-4521-9B6D-5135E1B1DDCA}.Release|Any CPU.Build.0 = Release|Any CPU
		{762CF242-9100-4B4A-AD83-5B1643C3A0A3}.Debug|Any CPU.ActiveCfg = Debug|Any CPU
		{762CF242-9100-4B4A-AD83-5B1643C3A0A3}.Debug|Any CPU.Build.0 = Debug|Any CPU
		{762CF242-9100-4B4A-AD83-5B1643C3A0A3}.Release|Any CPU.ActiveCfg = Release|Any CPU
		{762CF242-9100-4B4A-AD83-5B1643C3A0A3}.Release|Any CPU.Build.0 = Release|Any CPU
		{864045F9-BA14-4021-BE4E-8DC160D1348F}.Debug|Any CPU.ActiveCfg = Debug|Any CPU
		{864045F9-BA14-4021-BE4E-8DC160D1348F}.Debug|Any CPU.Build.0 = Debug|Any CPU
		{864045F9-BA14-4021-BE4E-8DC160D1348F}.Release|Any CPU.ActiveCfg = Release|Any CPU
		{864045F9-BA14-4021-BE4E-8DC160D1348F}.Release|Any CPU.Build.0 = Release|Any CPU
	EndGlobalSection
	GlobalSection(SolutionProperties) = preSolution
		HideSolutionNode = FALSE
	EndGlobalSection
	GlobalSection(ExtensibilityGlobals) = postSolution
		SolutionGuid = {429AD7F3-5E9F-4AE0-863D-06E362559B7E}
	EndGlobalSection
EndGlobal
